
Microsoft Visual Studio Solution File, Format Version 12.00
# Visual Studio 15
VisualStudioVersion = 15.0.27130.2027
MinimumVisualStudioVersion = 10.0.40219.1
Project("{FAE04EC0-301F-11D3-BF4B-00C04F79EFBC}") = "SkiaSharpSample.Android", "SkiaSharpSample\SkiaSharpSample.Android\SkiaSharpSample.Android.csproj", "{36841D69-1E5A-4C3C-848C-50523652DC84}"
EndProject
Project("{FAE04EC0-301F-11D3-BF4B-00C04F79EFBC}") = "SkiaSharpSample.iOS", "SkiaSharpSample\SkiaSharpSample.iOS\SkiaSharpSample.iOS.csproj", "{4EADC2BE-DF46-4B8D-B12B-13C36ADAB3F2}"
EndProject
Project("{FAE04EC0-301F-11D3-BF4B-00C04F79EFBC}") = "SkiaSharpSample.UWP", "SkiaSharpSample\SkiaSharpSample.UWP\SkiaSharpSample.UWP.csproj", "{92526E2F-4116-46B2-8A22-D4DD6A5EEDFB}"
EndProject
Project("{FAE04EC0-301F-11D3-BF4B-00C04F79EFBC}") = "SkiaSharpSample", "SkiaSharpSample\SkiaSharpSample\SkiaSharpSample.csproj", "{01E88EB5-F4DE-4CE3-A4EB-DAE4DA250312}"
EndProject
Global
	GlobalSection(SolutionConfigurationPlatforms) = preSolution
		Ad-Hoc|Any CPU = Ad-Hoc|Any CPU
		Ad-Hoc|ARM = Ad-Hoc|ARM
		Ad-Hoc|iPhone = Ad-Hoc|iPhone
		Ad-Hoc|iPhoneSimulator = Ad-Hoc|iPhoneSimulator
		Ad-Hoc|x64 = Ad-Hoc|x64
		Ad-Hoc|x86 = Ad-Hoc|x86
		AppStore|Any CPU = AppStore|Any CPU
		AppStore|ARM = AppStore|ARM
		AppStore|iPhone = AppStore|iPhone
		AppStore|iPhoneSimulator = AppStore|iPhoneSimulator
		AppStore|x64 = AppStore|x64
		AppStore|x86 = AppStore|x86
		Debug|Any CPU = Debug|Any CPU
		Debug|ARM = Debug|ARM
		Debug|iPhone = Debug|iPhone
		Debug|iPhoneSimulator = Debug|iPhoneSimulator
		Debug|x64 = Debug|x64
		Debug|x86 = Debug|x86
		Release|Any CPU = Release|Any CPU
		Release|ARM = Release|ARM
		Release|iPhone = Release|iPhone
		Release|iPhoneSimulator = Release|iPhoneSimulator
		Release|x64 = Release|x64
		Release|x86 = Release|x86
	EndGlobalSection
	GlobalSection(ProjectConfigurationPlatforms) = postSolution
		{36841D69-1E5A-4C3C-848C-50523652DC84}.Ad-Hoc|Any CPU.ActiveCfg = Release|Any CPU
		{36841D69-1E5A-4C3C-848C-50523652DC84}.Ad-Hoc|Any CPU.Build.0 = Release|Any CPU
		{36841D69-1E5A-4C3C-848C-50523652DC84}.Ad-Hoc|Any CPU.Deploy.0 = Release|Any CPU
		{36841D69-1E5A-4C3C-848C-50523652DC84}.Ad-Hoc|ARM.ActiveCfg = Release|Any CPU
		{36841D69-1E5A-4C3C-848C-50523652DC84}.Ad-Hoc|ARM.Build.0 = Release|Any CPU
		{36841D69-1E5A-4C3C-848C-50523652DC84}.Ad-Hoc|ARM.Deploy.0 = Release|Any CPU
		{36841D69-1E5A-4C3C-848C-50523652DC84}.Ad-Hoc|iPhone.ActiveCfg = Release|Any CPU
		{36841D69-1E5A-4C3C-848C-50523652DC84}.Ad-Hoc|iPhone.Build.0 = Release|Any CPU
		{36841D69-1E5A-4C3C-848C-50523652DC84}.Ad-Hoc|iPhone.Deploy.0 = Release|Any CPU
		{36841D69-1E5A-4C3C-848C-50523652DC84}.Ad-Hoc|iPhoneSimulator.ActiveCfg = Release|Any CPU
		{36841D69-1E5A-4C3C-848C-50523652DC84}.Ad-Hoc|iPhoneSimulator.Build.0 = Release|Any CPU
		{36841D69-1E5A-4C3C-848C-50523652DC84}.Ad-Hoc|iPhoneSimulator.Deploy.0 = Release|Any CPU
		{36841D69-1E5A-4C3C-848C-50523652DC84}.Ad-Hoc|x64.ActiveCfg = Release|Any CPU
		{36841D69-1E5A-4C3C-848C-50523652DC84}.Ad-Hoc|x64.Build.0 = Release|Any CPU
		{36841D69-1E5A-4C3C-848C-50523652DC84}.Ad-Hoc|x64.Deploy.0 = Release|Any CPU
		{36841D69-1E5A-4C3C-848C-50523652DC84}.Ad-Hoc|x86.ActiveCfg = Release|Any CPU
		{36841D69-1E5A-4C3C-848C-50523652DC84}.Ad-Hoc|x86.Build.0 = Release|Any CPU
		{36841D69-1E5A-4C3C-848C-50523652DC84}.Ad-Hoc|x86.Deploy.0 = Release|Any CPU
		{36841D69-1E5A-4C3C-848C-50523652DC84}.AppStore|Any CPU.ActiveCfg = Release|Any CPU
		{36841D69-1E5A-4C3C-848C-50523652DC84}.AppStore|Any CPU.Build.0 = Release|Any CPU
		{36841D69-1E5A-4C3C-848C-50523652DC84}.AppStore|Any CPU.Deploy.0 = Release|Any CPU
		{36841D69-1E5A-4C3C-848C-50523652DC84}.AppStore|ARM.ActiveCfg = Release|Any CPU
		{36841D69-1E5A-4C3C-848C-50523652DC84}.AppStore|ARM.Build.0 = Release|Any CPU
		{36841D69-1E5A-4C3C-848C-50523652DC84}.AppStore|ARM.Deploy.0 = Release|Any CPU
		{36841D69-1E5A-4C3C-848C-50523652DC84}.AppStore|iPhone.ActiveCfg = Release|Any CPU
		{36841D69-1E5A-4C3C-848C-50523652DC84}.AppStore|iPhone.Build.0 = Release|Any CPU
		{36841D69-1E5A-4C3C-848C-50523652DC84}.AppStore|iPhone.Deploy.0 = Release|Any CPU
		{36841D69-1E5A-4C3C-848C-50523652DC84}.AppStore|iPhoneSimulator.ActiveCfg = Release|Any CPU
		{36841D69-1E5A-4C3C-848C-50523652DC84}.AppStore|iPhoneSimulator.Build.0 = Release|Any CPU
		{36841D69-1E5A-4C3C-848C-50523652DC84}.AppStore|iPhoneSimulator.Deploy.0 = Release|Any CPU
		{36841D69-1E5A-4C3C-848C-50523652DC84}.AppStore|x64.ActiveCfg = Release|Any CPU
		{36841D69-1E5A-4C3C-848C-50523652DC84}.AppStore|x64.Build.0 = Release|Any CPU
		{36841D69-1E5A-4C3C-848C-50523652DC84}.AppStore|x64.Deploy.0 = Release|Any CPU
		{36841D69-1E5A-4C3C-848C-50523652DC84}.AppStore|x86.ActiveCfg = Release|Any CPU
		{36841D69-1E5A-4C3C-848C-50523652DC84}.AppStore|x86.Build.0 = Release|Any CPU
		{36841D69-1E5A-4C3C-848C-50523652DC84}.AppStore|x86.Deploy.0 = Release|Any CPU
		{36841D69-1E5A-4C3C-848C-50523652DC84}.Debug|Any CPU.ActiveCfg = Debug|Any CPU
		{36841D69-1E5A-4C3C-848C-50523652DC84}.Debug|Any CPU.Build.0 = Debug|Any CPU
		{36841D69-1E5A-4C3C-848C-50523652DC84}.Debug|Any CPU.Deploy.0 = Debug|Any CPU
		{36841D69-1E5A-4C3C-848C-50523652DC84}.Debug|ARM.ActiveCfg = Debug|Any CPU
		{36841D69-1E5A-4C3C-848C-50523652DC84}.Debug|ARM.Build.0 = Debug|Any CPU
		{36841D69-1E5A-4C3C-848C-50523652DC84}.Debug|ARM.Deploy.0 = Debug|Any CPU
		{36841D69-1E5A-4C3C-848C-50523652DC84}.Debug|iPhone.ActiveCfg = Debug|Any CPU
		{36841D69-1E5A-4C3C-848C-50523652DC84}.Debug|iPhone.Build.0 = Debug|Any CPU
		{36841D69-1E5A-4C3C-848C-50523652DC84}.Debug|iPhone.Deploy.0 = Debug|Any CPU
		{36841D69-1E5A-4C3C-848C-50523652DC84}.Debug|iPhoneSimulator.ActiveCfg = Debug|Any CPU
		{36841D69-1E5A-4C3C-848C-50523652DC84}.Debug|iPhoneSimulator.Build.0 = Debug|Any CPU
		{36841D69-1E5A-4C3C-848C-50523652DC84}.Debug|iPhoneSimulator.Deploy.0 = Debug|Any CPU
		{36841D69-1E5A-4C3C-848C-50523652DC84}.Debug|x64.ActiveCfg = Debug|Any CPU
		{36841D69-1E5A-4C3C-848C-50523652DC84}.Debug|x64.Build.0 = Debug|Any CPU
		{36841D69-1E5A-4C3C-848C-50523652DC84}.Debug|x64.Deploy.0 = Debug|Any CPU
		{36841D69-1E5A-4C3C-848C-50523652DC84}.Debug|x86.ActiveCfg = Debug|Any CPU
		{36841D69-1E5A-4C3C-848C-50523652DC84}.Debug|x86.Build.0 = Debug|Any CPU
		{36841D69-1E5A-4C3C-848C-50523652DC84}.Debug|x86.Deploy.0 = Debug|Any CPU
		{36841D69-1E5A-4C3C-848C-50523652DC84}.Release|Any CPU.ActiveCfg = Release|Any CPU
		{36841D69-1E5A-4C3C-848C-50523652DC84}.Release|Any CPU.Build.0 = Release|Any CPU
		{36841D69-1E5A-4C3C-848C-50523652DC84}.Release|Any CPU.Deploy.0 = Release|Any CPU
		{36841D69-1E5A-4C3C-848C-50523652DC84}.Release|ARM.ActiveCfg = Release|Any CPU
		{36841D69-1E5A-4C3C-848C-50523652DC84}.Release|ARM.Build.0 = Release|Any CPU
		{36841D69-1E5A-4C3C-848C-50523652DC84}.Release|ARM.Deploy.0 = Release|Any CPU
		{36841D69-1E5A-4C3C-848C-50523652DC84}.Release|iPhone.ActiveCfg = Release|Any CPU
		{36841D69-1E5A-4C3C-848C-50523652DC84}.Release|iPhone.Build.0 = Release|Any CPU
		{36841D69-1E5A-4C3C-848C-50523652DC84}.Release|iPhone.Deploy.0 = Release|Any CPU
		{36841D69-1E5A-4C3C-848C-50523652DC84}.Release|iPhoneSimulator.ActiveCfg = Release|Any CPU
		{36841D69-1E5A-4C3C-848C-50523652DC84}.Release|iPhoneSimulator.Build.0 = Release|Any CPU
		{36841D69-1E5A-4C3C-848C-50523652DC84}.Release|iPhoneSimulator.Deploy.0 = Release|Any CPU
		{36841D69-1E5A-4C3C-848C-50523652DC84}.Release|x64.ActiveCfg = Release|Any CPU
		{36841D69-1E5A-4C3C-848C-50523652DC84}.Release|x64.Build.0 = Release|Any CPU
		{36841D69-1E5A-4C3C-848C-50523652DC84}.Release|x64.Deploy.0 = Release|Any CPU
		{36841D69-1E5A-4C3C-848C-50523652DC84}.Release|x86.ActiveCfg = Release|Any CPU
		{36841D69-1E5A-4C3C-848C-50523652DC84}.Release|x86.Build.0 = Release|Any CPU
		{36841D69-1E5A-4C3C-848C-50523652DC84}.Release|x86.Deploy.0 = Release|Any CPU
		{4EADC2BE-DF46-4B8D-B12B-13C36ADAB3F2}.Ad-Hoc|Any CPU.ActiveCfg = Ad-Hoc|iPhone
		{4EADC2BE-DF46-4B8D-B12B-13C36ADAB3F2}.Ad-Hoc|ARM.ActiveCfg = Ad-Hoc|iPhone
		{4EADC2BE-DF46-4B8D-B12B-13C36ADAB3F2}.Ad-Hoc|iPhone.ActiveCfg = Ad-Hoc|iPhone
		{4EADC2BE-DF46-4B8D-B12B-13C36ADAB3F2}.Ad-Hoc|iPhone.Build.0 = Ad-Hoc|iPhone
		{4EADC2BE-DF46-4B8D-B12B-13C36ADAB3F2}.Ad-Hoc|iPhoneSimulator.ActiveCfg = Ad-Hoc|iPhoneSimulator
		{4EADC2BE-DF46-4B8D-B12B-13C36ADAB3F2}.Ad-Hoc|iPhoneSimulator.Build.0 = Ad-Hoc|iPhoneSimulator
		{4EADC2BE-DF46-4B8D-B12B-13C36ADAB3F2}.Ad-Hoc|x64.ActiveCfg = Ad-Hoc|iPhone
		{4EADC2BE-DF46-4B8D-B12B-13C36ADAB3F2}.Ad-Hoc|x86.ActiveCfg = Ad-Hoc|iPhone
		{4EADC2BE-DF46-4B8D-B12B-13C36ADAB3F2}.AppStore|Any CPU.ActiveCfg = AppStore|iPhone
		{4EADC2BE-DF46-4B8D-B12B-13C36ADAB3F2}.AppStore|ARM.ActiveCfg = AppStore|iPhone
		{4EADC2BE-DF46-4B8D-B12B-13C36ADAB3F2}.AppStore|iPhone.ActiveCfg = AppStore|iPhone
		{4EADC2BE-DF46-4B8D-B12B-13C36ADAB3F2}.AppStore|iPhone.Build.0 = AppStore|iPhone
		{4EADC2BE-DF46-4B8D-B12B-13C36ADAB3F2}.AppStore|iPhoneSimulator.ActiveCfg = AppStore|iPhoneSimulator
		{4EADC2BE-DF46-4B8D-B12B-13C36ADAB3F2}.AppStore|iPhoneSimulator.Build.0 = AppStore|iPhoneSimulator
		{4EADC2BE-DF46-4B8D-B12B-13C36ADAB3F2}.AppStore|x64.ActiveCfg = AppStore|iPhone
		{4EADC2BE-DF46-4B8D-B12B-13C36ADAB3F2}.AppStore|x86.ActiveCfg = AppStore|iPhone
		{4EADC2BE-DF46-4B8D-B12B-13C36ADAB3F2}.Debug|Any CPU.ActiveCfg = Debug|iPhone
		{4EADC2BE-DF46-4B8D-B12B-13C36ADAB3F2}.Debug|ARM.ActiveCfg = Debug|iPhone
		{4EADC2BE-DF46-4B8D-B12B-13C36ADAB3F2}.Debug|iPhone.ActiveCfg = Debug|iPhone
		{4EADC2BE-DF46-4B8D-B12B-13C36ADAB3F2}.Debug|iPhone.Build.0 = Debug|iPhone
		{4EADC2BE-DF46-4B8D-B12B-13C36ADAB3F2}.Debug|iPhoneSimulator.ActiveCfg = Debug|iPhoneSimulator
		{4EADC2BE-DF46-4B8D-B12B-13C36ADAB3F2}.Debug|iPhoneSimulator.Build.0 = Debug|iPhoneSimulator
		{4EADC2BE-DF46-4B8D-B12B-13C36ADAB3F2}.Debug|x64.ActiveCfg = Debug|iPhone
		{4EADC2BE-DF46-4B8D-B12B-13C36ADAB3F2}.Debug|x86.ActiveCfg = Debug|iPhone
		{4EADC2BE-DF46-4B8D-B12B-13C36ADAB3F2}.Release|Any CPU.ActiveCfg = Release|iPhone
		{4EADC2BE-DF46-4B8D-B12B-13C36ADAB3F2}.Release|ARM.ActiveCfg = Release|iPhone
		{4EADC2BE-DF46-4B8D-B12B-13C36ADAB3F2}.Release|iPhone.ActiveCfg = Release|iPhone
		{4EADC2BE-DF46-4B8D-B12B-13C36ADAB3F2}.Release|iPhone.Build.0 = Release|iPhone
		{4EADC2BE-DF46-4B8D-B12B-13C36ADAB3F2}.Release|iPhoneSimulator.ActiveCfg = Release|iPhoneSimulator
		{4EADC2BE-DF46-4B8D-B12B-13C36ADAB3F2}.Release|iPhoneSimulator.Build.0 = Release|iPhoneSimulator
		{4EADC2BE-DF46-4B8D-B12B-13C36ADAB3F2}.Release|x64.ActiveCfg = Release|iPhone
		{4EADC2BE-DF46-4B8D-B12B-13C36ADAB3F2}.Release|x86.ActiveCfg = Release|iPhone
		{92526E2F-4116-46B2-8A22-D4DD6A5EEDFB}.Ad-Hoc|Any CPU.ActiveCfg = Release|x86
		{92526E2F-4116-46B2-8A22-D4DD6A5EEDFB}.Ad-Hoc|Any CPU.Build.0 = Release|x86
		{92526E2F-4116-46B2-8A22-D4DD6A5EEDFB}.Ad-Hoc|Any CPU.Deploy.0 = Release|x86
		{92526E2F-4116-46B2-8A22-D4DD6A5EEDFB}.Ad-Hoc|ARM.ActiveCfg = Release|ARM
		{92526E2F-4116-46B2-8A22-D4DD6A5EEDFB}.Ad-Hoc|ARM.Build.0 = Release|ARM
		{92526E2F-4116-46B2-8A22-D4DD6A5EEDFB}.Ad-Hoc|ARM.Deploy.0 = Release|ARM
		{92526E2F-4116-46B2-8A22-D4DD6A5EEDFB}.Ad-Hoc|iPhone.ActiveCfg = Release|x86
		{92526E2F-4116-46B2-8A22-D4DD6A5EEDFB}.Ad-Hoc|iPhone.Build.0 = Release|x86
		{92526E2F-4116-46B2-8A22-D4DD6A5EEDFB}.Ad-Hoc|iPhone.Deploy.0 = Release|x86
		{92526E2F-4116-46B2-8A22-D4DD6A5EEDFB}.Ad-Hoc|iPhoneSimulator.ActiveCfg = Release|x86
		{92526E2F-4116-46B2-8A22-D4DD6A5EEDFB}.Ad-Hoc|iPhoneSimulator.Build.0 = Release|x86
		{92526E2F-4116-46B2-8A22-D4DD6A5EEDFB}.Ad-Hoc|iPhoneSimulator.Deploy.0 = Release|x86
		{92526E2F-4116-46B2-8A22-D4DD6A5EEDFB}.Ad-Hoc|x64.ActiveCfg = Release|x64
		{92526E2F-4116-46B2-8A22-D4DD6A5EEDFB}.Ad-Hoc|x64.Build.0 = Release|x64
		{92526E2F-4116-46B2-8A22-D4DD6A5EEDFB}.Ad-Hoc|x64.Deploy.0 = Release|x64
		{92526E2F-4116-46B2-8A22-D4DD6A5EEDFB}.Ad-Hoc|x86.ActiveCfg = Release|x86
		{92526E2F-4116-46B2-8A22-D4DD6A5EEDFB}.Ad-Hoc|x86.Build.0 = Release|x86
		{92526E2F-4116-46B2-8A22-D4DD6A5EEDFB}.Ad-Hoc|x86.Deploy.0 = Release|x86
		{92526E2F-4116-46B2-8A22-D4DD6A5EEDFB}.AppStore|Any CPU.ActiveCfg = Release|x86
		{92526E2F-4116-46B2-8A22-D4DD6A5EEDFB}.AppStore|Any CPU.Build.0 = Release|x86
		{92526E2F-4116-46B2-8A22-D4DD6A5EEDFB}.AppStore|Any CPU.Deploy.0 = Release|x86
		{92526E2F-4116-46B2-8A22-D4DD6A5EEDFB}.AppStore|ARM.ActiveCfg = Release|ARM
		{92526E2F-4116-46B2-8A22-D4DD6A5EEDFB}.AppStore|ARM.Build.0 = Release|ARM
		{92526E2F-4116-46B2-8A22-D4DD6A5EEDFB}.AppStore|ARM.Deploy.0 = Release|ARM
		{92526E2F-4116-46B2-8A22-D4DD6A5EEDFB}.AppStore|iPhone.ActiveCfg = Release|x86
		{92526E2F-4116-46B2-8A22-D4DD6A5EEDFB}.AppStore|iPhone.Build.0 = Release|x86
		{92526E2F-4116-46B2-8A22-D4DD6A5EEDFB}.AppStore|iPhone.Deploy.0 = Release|x86
		{92526E2F-4116-46B2-8A22-D4DD6A5EEDFB}.AppStore|iPhoneSimulator.ActiveCfg = Release|x86
		{92526E2F-4116-46B2-8A22-D4DD6A5EEDFB}.AppStore|iPhoneSimulator.Build.0 = Release|x86
		{92526E2F-4116-46B2-8A22-D4DD6A5EEDFB}.AppStore|iPhoneSimulator.Deploy.0 = Release|x86
		{92526E2F-4116-46B2-8A22-D4DD6A5EEDFB}.AppStore|x64.ActiveCfg = Release|x64
		{92526E2F-4116-46B2-8A22-D4DD6A5EEDFB}.AppStore|x64.Build.0 = Release|x64
		{92526E2F-4116-46B2-8A22-D4DD6A5EEDFB}.AppStore|x64.Deploy.0 = Release|x64
		{92526E2F-4116-46B2-8A22-D4DD6A5EEDFB}.AppStore|x86.ActiveCfg = Release|x86
		{92526E2F-4116-46B2-8A22-D4DD6A5EEDFB}.AppStore|x86.Build.0 = Release|x86
		{92526E2F-4116-46B2-8A22-D4DD6A5EEDFB}.AppStore|x86.Deploy.0 = Release|x86
		{92526E2F-4116-46B2-8A22-D4DD6A5EEDFB}.Debug|Any CPU.ActiveCfg = Debug|x86
		{92526E2F-4116-46B2-8A22-D4DD6A5EEDFB}.Debug|ARM.ActiveCfg = Debug|ARM
		{92526E2F-4116-46B2-8A22-D4DD6A5EEDFB}.Debug|ARM.Build.0 = Debug|ARM
		{92526E2F-4116-46B2-8A22-D4DD6A5EEDFB}.Debug|ARM.Deploy.0 = Debug|ARM
		{92526E2F-4116-46B2-8A22-D4DD6A5EEDFB}.Debug|iPhone.ActiveCfg = Debug|x86
		{92526E2F-4116-46B2-8A22-D4DD6A5EEDFB}.Debug|iPhoneSimulator.ActiveCfg = Debug|x86
		{92526E2F-4116-46B2-8A22-D4DD6A5EEDFB}.Debug|x64.ActiveCfg = Debug|x64
		{92526E2F-4116-46B2-8A22-D4DD6A5EEDFB}.Debug|x64.Build.0 = Debug|x64
		{92526E2F-4116-46B2-8A22-D4DD6A5EEDFB}.Debug|x64.Deploy.0 = Debug|x64
		{92526E2F-4116-46B2-8A22-D4DD6A5EEDFB}.Debug|x86.ActiveCfg = Debug|x86
		{92526E2F-4116-46B2-8A22-D4DD6A5EEDFB}.Debug|x86.Build.0 = Debug|x86
		{92526E2F-4116-46B2-8A22-D4DD6A5EEDFB}.Debug|x86.Deploy.0 = Debug|x86
		{92526E2F-4116-46B2-8A22-D4DD6A5EEDFB}.Release|Any CPU.ActiveCfg = Release|x86
		{92526E2F-4116-46B2-8A22-D4DD6A5EEDFB}.Release|ARM.ActiveCfg = Release|ARM
		{92526E2F-4116-46B2-8A22-D4DD6A5EEDFB}.Release|ARM.Build.0 = Release|ARM
		{92526E2F-4116-46B2-8A22-D4DD6A5EEDFB}.Release|ARM.Deploy.0 = Release|ARM
		{92526E2F-4116-46B2-8A22-D4DD6A5EEDFB}.Release|iPhone.ActiveCfg = Release|x86
		{92526E2F-4116-46B2-8A22-D4DD6A5EEDFB}.Release|iPhoneSimulator.ActiveCfg = Release|x86
		{92526E2F-4116-46B2-8A22-D4DD6A5EEDFB}.Release|x64.ActiveCfg = Release|x64
		{92526E2F-4116-46B2-8A22-D4DD6A5EEDFB}.Release|x64.Build.0 = Release|x64
		{92526E2F-4116-46B2-8A22-D4DD6A5EEDFB}.Release|x64.Deploy.0 = Release|x64
		{92526E2F-4116-46B2-8A22-D4DD6A5EEDFB}.Release|x86.ActiveCfg = Release|x86
		{92526E2F-4116-46B2-8A22-D4DD6A5EEDFB}.Release|x86.Build.0 = Release|x86
		{92526E2F-4116-46B2-8A22-D4DD6A5EEDFB}.Release|x86.Deploy.0 = Release|x86
		{01E88EB5-F4DE-4CE3-A4EB-DAE4DA250312}.Ad-Hoc|Any CPU.ActiveCfg = Debug|Any CPU
		{01E88EB5-F4DE-4CE3-A4EB-DAE4DA250312}.Ad-Hoc|Any CPU.Build.0 = Debug|Any CPU
		{01E88EB5-F4DE-4CE3-A4EB-DAE4DA250312}.Ad-Hoc|ARM.ActiveCfg = Debug|Any CPU
		{01E88EB5-F4DE-4CE3-A4EB-DAE4DA250312}.Ad-Hoc|ARM.Build.0 = Debug|Any CPU
		{01E88EB5-F4DE-4CE3-A4EB-DAE4DA250312}.Ad-Hoc|iPhone.ActiveCfg = Debug|Any CPU
		{01E88EB5-F4DE-4CE3-A4EB-DAE4DA250312}.Ad-Hoc|iPhone.Build.0 = Debug|Any CPU
		{01E88EB5-F4DE-4CE3-A4EB-DAE4DA250312}.Ad-Hoc|iPhoneSimulator.ActiveCfg = Debug|Any CPU
		{01E88EB5-F4DE-4CE3-A4EB-DAE4DA250312}.Ad-Hoc|iPhoneSimulator.Build.0 = Debug|Any CPU
		{01E88EB5-F4DE-4CE3-A4EB-DAE4DA250312}.Ad-Hoc|x64.ActiveCfg = Debug|Any CPU
		{01E88EB5-F4DE-4CE3-A4EB-DAE4DA250312}.Ad-Hoc|x64.Build.0 = Debug|Any CPU
		{01E88EB5-F4DE-4CE3-A4EB-DAE4DA250312}.Ad-Hoc|x86.ActiveCfg = Debug|Any CPU
		{01E88EB5-F4DE-4CE3-A4EB-DAE4DA250312}.Ad-Hoc|x86.Build.0 = Debug|Any CPU
		{01E88EB5-F4DE-4CE3-A4EB-DAE4DA250312}.AppStore|Any CPU.ActiveCfg = Debug|Any CPU
		{01E88EB5-F4DE-4CE3-A4EB-DAE4DA250312}.AppStore|Any CPU.Build.0 = Debug|Any CPU
		{01E88EB5-F4DE-4CE3-A4EB-DAE4DA250312}.AppStore|ARM.ActiveCfg = Debug|Any CPU
		{01E88EB5-F4DE-4CE3-A4EB-DAE4DA250312}.AppStore|ARM.Build.0 = Debug|Any CPU
		{01E88EB5-F4DE-4CE3-A4EB-DAE4DA250312}.AppStore|iPhone.ActiveCfg = Debug|Any CPU
		{01E88EB5-F4DE-4CE3-A4EB-DAE4DA250312}.AppStore|iPhone.Build.0 = Debug|Any CPU
		{01E88EB5-F4DE-4CE3-A4EB-DAE4DA250312}.AppStore|iPhoneSimulator.ActiveCfg = Debug|Any CPU
		{01E88EB5-F4DE-4CE3-A4EB-DAE4DA250312}.AppStore|iPhoneSimulator.Build.0 = Debug|Any CPU
		{01E88EB5-F4DE-4CE3-A4EB-DAE4DA250312}.AppStore|x64.ActiveCfg = Debug|Any CPU
		{01E88EB5-F4DE-4CE3-A4EB-DAE4DA250312}.AppStore|x64.Build.0 = Debug|Any CPU
		{01E88EB5-F4DE-4CE3-A4EB-DAE4DA250312}.AppStore|x86.ActiveCfg = Debug|Any CPU
		{01E88EB5-F4DE-4CE3-A4EB-DAE4DA250312}.AppStore|x86.Build.0 = Debug|Any CPU
		{01E88EB5-F4DE-4CE3-A4EB-DAE4DA250312}.Debug|Any CPU.ActiveCfg = Debug|Any CPU
		{01E88EB5-F4DE-4CE3-A4EB-DAE4DA250312}.Debug|Any CPU.Build.0 = Debug|Any CPU
		{01E88EB5-F4DE-4CE3-A4EB-DAE4DA250312}.Debug|ARM.ActiveCfg = Debug|Any CPU
		{01E88EB5-F4DE-4CE3-A4EB-DAE4DA250312}.Debug|ARM.Build.0 = Debug|Any CPU
		{01E88EB5-F4DE-4CE3-A4EB-DAE4DA250312}.Debug|iPhone.ActiveCfg = Debug|Any CPU
		{01E88EB5-F4DE-4CE3-A4EB-DAE4DA250312}.Debug|iPhone.Build.0 = Debug|Any CPU
		{01E88EB5-F4DE-4CE3-A4EB-DAE4DA250312}.Debug|iPhoneSimulator.ActiveCfg = Debug|Any CPU
		{01E88EB5-F4DE-4CE3-A4EB-DAE4DA250312}.Debug|iPhoneSimulator.Build.0 = Debug|Any CPU
		{01E88EB5-F4DE-4CE3-A4EB-DAE4DA250312}.Debug|x64.ActiveCfg = Debug|Any CPU
		{01E88EB5-F4DE-4CE3-A4EB-DAE4DA250312}.Debug|x64.Build.0 = Debug|Any CPU
		{01E88EB5-F4DE-4CE3-A4EB-DAE4DA250312}.Debug|x86.ActiveCfg = Debug|Any CPU
		{01E88EB5-F4DE-4CE3-A4EB-DAE4DA250312}.Debug|x86.Build.0 = Debug|Any CPU
		{01E88EB5-F4DE-4CE3-A4EB-DAE4DA250312}.Release|Any CPU.ActiveCfg = Release|Any CPU
		{01E88EB5-F4DE-4CE3-A4EB-DAE4DA250312}.Release|Any CPU.Build.0 = Release|Any CPU
		{01E88EB5-F4DE-4CE3-A4EB-DAE4DA250312}.Release|ARM.ActiveCfg = Release|Any CPU
		{01E88EB5-F4DE-4CE3-A4EB-DAE4DA250312}.Release|ARM.Build.0 = Release|Any CPU
		{01E88EB5-F4DE-4CE3-A4EB-DAE4DA250312}.Release|iPhone.ActiveCfg = Release|Any CPU
		{01E88EB5-F4DE-4CE3-A4EB-DAE4DA250312}.Release|iPhone.Build.0 = Release|Any CPU
		{01E88EB5-F4DE-4CE3-A4EB-DAE4DA250312}.Release|iPhoneSimulator.ActiveCfg = Release|Any CPU
		{01E88EB5-F4DE-4CE3-A4EB-DAE4DA250312}.Release|iPhoneSimulator.Build.0 = Release|Any CPU
		{01E88EB5-F4DE-4CE3-A4EB-DAE4DA250312}.Release|x64.ActiveCfg = Release|Any CPU
		{01E88EB5-F4DE-4CE3-A4EB-DAE4DA250312}.Release|x64.Build.0 = Release|Any CPU
		{01E88EB5-F4DE-4CE3-A4EB-DAE4DA250312}.Release|x86.ActiveCfg = Release|Any CPU
		{01E88EB5-F4DE-4CE3-A4EB-DAE4DA250312}.Release|x86.Build.0 = Release|Any CPU
	EndGlobalSection
	GlobalSection(SolutionProperties) = preSolution
		HideSolutionNode = FALSE
	EndGlobalSection
	GlobalSection(ExtensibilityGlobals) = postSolution
		SolutionGuid = {542188FA-571F-4183-90C0-DB7A518511B2}
	EndGlobalSection
EndGlobal
